
Microsoft Visual Studio Solution File, Format Version 12.00
# Visual Studio Version 17
VisualStudioVersion = 17.7.34221.43
MinimumVisualStudioVersion = 10.0.40219.1
Project("{FAE04EC0-301F-11D3-BF4B-00C04F79EFBC}") = "ExercicioContaBancaria", "ExercicioContaBancaria\ExercicioContaBancaria.csproj", "{67A8F545-58E3-4799-A85C-A83A373154D3}"
EndProject
Global
	GlobalSection(SolutionConfigurationPlatforms) = preSolution
		Debug|Any CPU = Debug|Any CPU
		Release|Any CPU = Release|Any CPU
	EndGlobalSection
	GlobalSection(ProjectConfigurationPlatforms) = postSolution
		{67A8F545-58E3-4799-A85C-A83A373154D3}.Debug|Any CPU.ActiveCfg = Debug|Any CPU
		{67A8F545-58E3-4799-A85C-A83A373154D3}.Debug|Any CPU.Build.0 = Debug|Any CPU
		{67A8F545-58E3-4799-A85C-A83A373154D3}.Release|Any CPU.ActiveCfg = Release|Any CPU
		{67A8F545-58E3-4799-A85C-A83A373154D3}.Release|Any CPU.Build.0 = Release|Any CPU
	EndGlobalSection
	GlobalSection(SolutionProperties) = preSolution
		HideSolutionNode = FALSE
	EndGlobalSection
	GlobalSection(ExtensibilityGlobals) = postSolution
		SolutionGuid = {42B5DCEE-3867-4A58-98E1-8977659D0D2D}
	EndGlobalSection
EndGlobal
